
Microsoft Visual Studio Solution File, Format Version 12.00
# Visual Studio Version 17
VisualStudioVersion = 17.14.36414.22 d17.14
MinimumVisualStudioVersion = 10.0.40219.1
Project("{8BC9CEB8-8B4A-11D0-8D11-00A0C91BC942}") = "DirectX12", "DirectX12.vcxproj", "{DDD09F2D-7DE1-4DE6-A916-86F19510D3D4}"
EndProject
Project("{8BC9CEB8-8B4A-11D0-8D11-00A0C91BC942}") = "DX12.Animation", "Modules\DX12.Animation.vcxproj", "{1A4F8891-8C19-4C47-9B59-1A2F9D8C1001}"
EndProject
Project("{8BC9CEB8-8B4A-11D0-8D11-00A0C91BC942}") = "DX12.Audio", "Modules\DX12.Audio.vcxproj", "{1A4F8891-8C19-4C47-9B59-1A2F9D8C1002}"
EndProject
Project("{8BC9CEB8-8B4A-11D0-8D11-00A0C91BC942}") = "DX12.Camera", "Modules\DX12.Camera.vcxproj", "{1A4F8891-8C19-4C47-9B59-1A2F9D8C1003}"
EndProject
Project("{8BC9CEB8-8B4A-11D0-8D11-00A0C91BC942}") = "DX12.Component", "Modules\DX12.Component.vcxproj", "{1A4F8891-8C19-4C47-9B59-1A2F9D8C1004}"
EndProject
Project("{8BC9CEB8-8B4A-11D0-8D11-00A0C91BC942}") = "DX12.Editor", "Modules\DX12.Editor.vcxproj", "{1A4F8891-8C19-4C47-9B59-1A2F9D8C1005}"
EndProject
Project("{8BC9CEB8-8B4A-11D0-8D11-00A0C91BC942}") = "DX12.GameObject", "Modules\DX12.GameObject.vcxproj", "{1A4F8891-8C19-4C47-9B59-1A2F9D8C1006}"
EndProject
Project("{8BC9CEB8-8B4A-11D0-8D11-00A0C91BC942}") = "DX12.Graphics", "Modules\DX12.Graphics.vcxproj", "{1A4F8891-8C19-4C47-9B59-1A2F9D8C1007}"
EndProject
Project("{8BC9CEB8-8B4A-11D0-8D11-00A0C91BC942}") = "DX12.Input", "Modules\DX12.Input.vcxproj", "{1A4F8891-8C19-4C47-9B59-1A2F9D8C1008}"
EndProject
Project("{8BC9CEB8-8B4A-11D0-8D11-00A0C91BC942}") = "DX12.Math", "Modules\DX12.Math.vcxproj", "{1A4F8891-8C19-4C47-9B59-1A2F9D8C1009}"
EndProject
Project("{8BC9CEB8-8B4A-11D0-8D11-00A0C91BC942}") = "DX12.Model", "Modules\DX12.Model.vcxproj", "{1A4F8891-8C19-4C47-9B59-1A2F9D8C1010}"
EndProject
Project("{8BC9CEB8-8B4A-11D0-8D11-00A0C91BC942}") = "DX12.Physics", "Modules\DX12.Physics.vcxproj", "{1A4F8891-8C19-4C47-9B59-1A2F9D8C1011}"
EndProject
Project("{8BC9CEB8-8B4A-11D0-8D11-00A0C91BC942}") = "DX12.PostEffect", "Modules\DX12.PostEffect.vcxproj", "{1A4F8891-8C19-4C47-9B59-1A2F9D8C1012}"
EndProject
Project("{8BC9CEB8-8B4A-11D0-8D11-00A0C91BC942}") = "DX12.Render", "Modules\DX12.Render.vcxproj", "{1A4F8891-8C19-4C47-9B59-1A2F9D8C1013}"
EndProject
Project("{8BC9CEB8-8B4A-11D0-8D11-00A0C91BC942}") = "DX12.Scene", "Modules\DX12.Scene.vcxproj", "{1A4F8891-8C19-4C47-9B59-1A2F9D8C1014}"
EndProject
Project("{8BC9CEB8-8B4A-11D0-8D11-00A0C91BC942}") = "DX12.System", "Modules\DX12.System.vcxproj", "{1A4F8891-8C19-4C47-9B59-1A2F9D8C1015}"
EndProject
Project("{8BC9CEB8-8B4A-11D0-8D11-00A0C91BC942}") = "DX12.Test", "Modules\DX12.Test.vcxproj", "{1A4F8891-8C19-4C47-9B59-1A2F9D8C1016}"
EndProject
Project("{8BC9CEB8-8B4A-11D0-8D11-00A0C91BC942}") = "DX12.UI", "Modules\DX12.UI.vcxproj", "{1A4F8891-8C19-4C47-9B59-1A2F9D8C1017}"
EndProject
Project("{8BC9CEB8-8B4A-11D0-8D11-00A0C91BC942}") = "DX12.ThirdParty.ImGui", "Modules\DX12.ThirdParty.ImGui.vcxproj", "{1A4F8891-8C19-4C47-9B59-1A2F9D8C1018}"
EndProject
Global
	GlobalSection(SolutionConfigurationPlatforms) = preSolution
		Debug|x64 = Debug|x64
		Debug|x86 = Debug|x86
		Release|x64 = Release|x64
		Release|x86 = Release|x86
	EndGlobalSection
	GlobalSection(ProjectConfigurationPlatforms) = postSolution
		{DDD09F2D-7DE1-4DE6-A916-86F19510D3D4}.Debug|x64.ActiveCfg = Debug|x64
		{DDD09F2D-7DE1-4DE6-A916-86F19510D3D4}.Debug|x64.Build.0 = Debug|x64
		{DDD09F2D-7DE1-4DE6-A916-86F19510D3D4}.Debug|x86.ActiveCfg = Debug|Win32
		{DDD09F2D-7DE1-4DE6-A916-86F19510D3D4}.Debug|x86.Build.0 = Debug|Win32
		{DDD09F2D-7DE1-4DE6-A916-86F19510D3D4}.Release|x64.ActiveCfg = Release|x64
		{DDD09F2D-7DE1-4DE6-A916-86F19510D3D4}.Release|x64.Build.0 = Release|x64
		{DDD09F2D-7DE1-4DE6-A916-86F19510D3D4}.Release|x86.ActiveCfg = Release|Win32
		{DDD09F2D-7DE1-4DE6-A916-86F19510D3D4}.Release|x86.Build.0 = Release|Win32
		{1A4F8891-8C19-4C47-9B59-1A2F9D8C1001}.Debug|x64.ActiveCfg = Debug|x64
		{1A4F8891-8C19-4C47-9B59-1A2F9D8C1001}.Debug|x64.Build.0 = Debug|x64
		{1A4F8891-8C19-4C47-9B59-1A2F9D8C1001}.Debug|x86.ActiveCfg = Debug|Win32
		{1A4F8891-8C19-4C47-9B59-1A2F9D8C1001}.Debug|x86.Build.0 = Debug|Win32
		{1A4F8891-8C19-4C47-9B59-1A2F9D8C1001}.Release|x64.ActiveCfg = Release|x64
		{1A4F8891-8C19-4C47-9B59-1A2F9D8C1001}.Release|x64.Build.0 = Release|x64
		{1A4F8891-8C19-4C47-9B59-1A2F9D8C1001}.Release|x86.ActiveCfg = Release|Win32
		{1A4F8891-8C19-4C47-9B59-1A2F9D8C1001}.Release|x86.Build.0 = Release|Win32
		{1A4F8891-8C19-4C47-9B59-1A2F9D8C1002}.Debug|x64.ActiveCfg = Debug|x64
		{1A4F8891-8C19-4C47-9B59-1A2F9D8C1002}.Debug|x64.Build.0 = Debug|x64
		{1A4F8891-8C19-4C47-9B59-1A2F9D8C1002}.Debug|x86.ActiveCfg = Debug|Win32
		{1A4F8891-8C19-4C47-9B59-1A2F9D8C1002}.Debug|x86.Build.0 = Debug|Win32
		{1A4F8891-8C19-4C47-9B59-1A2F9D8C1002}.Release|x64.ActiveCfg = Release|x64
		{1A4F8891-8C19-4C47-9B59-1A2F9D8C1002}.Release|x64.Build.0 = Release|x64
		{1A4F8891-8C19-4C47-9B59-1A2F9D8C1002}.Release|x86.ActiveCfg = Release|Win32
		{1A4F8891-8C19-4C47-9B59-1A2F9D8C1002}.Release|x86.Build.0 = Release|Win32
		{1A4F8891-8C19-4C47-9B59-1A2F9D8C1003}.Debug|x64.ActiveCfg = Debug|x64
		{1A4F8891-8C19-4C47-9B59-1A2F9D8C1003}.Debug|x64.Build.0 = Debug|x64
		{1A4F8891-8C19-4C47-9B59-1A2F9D8C1003}.Debug|x86.ActiveCfg = Debug|Win32
		{1A4F8891-8C19-4C47-9B59-1A2F9D8C1003}.Debug|x86.Build.0 = Debug|Win32
		{1A4F8891-8C19-4C47-9B59-1A2F9D8C1003}.Release|x64.ActiveCfg = Release|x64
		{1A4F8891-8C19-4C47-9B59-1A2F9D8C1003}.Release|x64.Build.0 = Release|x64
		{1A4F8891-8C19-4C47-9B59-1A2F9D8C1003}.Release|x86.ActiveCfg = Release|Win32
		{1A4F8891-8C19-4C47-9B59-1A2F9D8C1003}.Release|x86.Build.0 = Release|Win32
		{1A4F8891-8C19-4C47-9B59-1A2F9D8C1004}.Debug|x64.ActiveCfg = Debug|x64
		{1A4F8891-8C19-4C47-9B59-1A2F9D8C1004}.Debug|x64.Build.0 = Debug|x64
		{1A4F8891-8C19-4C47-9B59-1A2F9D8C1004}.Debug|x86.ActiveCfg = Debug|Win32
		{1A4F8891-8C19-4C47-9B59-1A2F9D8C1004}.Debug|x86.Build.0 = Debug|Win32
		{1A4F8891-8C19-4C47-9B59-1A2F9D8C1004}.Release|x64.ActiveCfg = Release|x64
		{1A4F8891-8C19-4C47-9B59-1A2F9D8C1004}.Release|x64.Build.0 = Release|x64
		{1A4F8891-8C19-4C47-9B59-1A2F9D8C1004}.Release|x86.ActiveCfg = Release|Win32
		{1A4F8891-8C19-4C47-9B59-1A2F9D8C1004}.Release|x86.Build.0 = Release|Win32
		{1A4F8891-8C19-4C47-9B59-1A2F9D8C1005}.Debug|x64.ActiveCfg = Debug|x64
		{1A4F8891-8C19-4C47-9B59-1A2F9D8C1005}.Debug|x64.Build.0 = Debug|x64
		{1A4F8891-8C19-4C47-9B59-1A2F9D8C1005}.Debug|x86.ActiveCfg = Debug|Win32
		{1A4F8891-8C19-4C47-9B59-1A2F9D8C1005}.Debug|x86.Build.0 = Debug|Win32
		{1A4F8891-8C19-4C47-9B59-1A2F9D8C1005}.Release|x64.ActiveCfg = Release|x64
		{1A4F8891-8C19-4C47-9B59-1A2F9D8C1005}.Release|x64.Build.0 = Release|x64
		{1A4F8891-8C19-4C47-9B59-1A2F9D8C1005}.Release|x86.ActiveCfg = Release|Win32
		{1A4F8891-8C19-4C47-9B59-1A2F9D8C1005}.Release|x86.Build.0 = Release|Win32
		{1A4F8891-8C19-4C47-9B59-1A2F9D8C1006}.Debug|x64.ActiveCfg = Debug|x64
		{1A4F8891-8C19-4C47-9B59-1A2F9D8C1006}.Debug|x64.Build.0 = Debug|x64
		{1A4F8891-8C19-4C47-9B59-1A2F9D8C1006}.Debug|x86.ActiveCfg = Debug|Win32
		{1A4F8891-8C19-4C47-9B59-1A2F9D8C1006}.Debug|x86.Build.0 = Debug|Win32
		{1A4F8891-8C19-4C47-9B59-1A2F9D8C1006}.Release|x64.ActiveCfg = Release|x64
		{1A4F8891-8C19-4C47-9B59-1A2F9D8C1006}.Release|x64.Build.0 = Release|x64
		{1A4F8891-8C19-4C47-9B59-1A2F9D8C1006}.Release|x86.ActiveCfg = Release|Win32
		{1A4F8891-8C19-4C47-9B59-1A2F9D8C1006}.Release|x86.Build.0 = Release|Win32
		{1A4F8891-8C19-4C47-9B59-1A2F9D8C1007}.Debug|x64.ActiveCfg = Debug|x64
		{1A4F8891-8C19-4C47-9B59-1A2F9D8C1007}.Debug|x64.Build.0 = Debug|x64
		{1A4F8891-8C19-4C47-9B59-1A2F9D8C1007}.Debug|x86.ActiveCfg = Debug|Win32
		{1A4F8891-8C19-4C47-9B59-1A2F9D8C1007}.Debug|x86.Build.0 = Debug|Win32
		{1A4F8891-8C19-4C47-9B59-1A2F9D8C1007}.Release|x64.ActiveCfg = Release|x64
		{1A4F8891-8C19-4C47-9B59-1A2F9D8C1007}.Release|x64.Build.0 = Release|x64
		{1A4F8891-8C19-4C47-9B59-1A2F9D8C1007}.Release|x86.ActiveCfg = Release|Win32
		{1A4F8891-8C19-4C47-9B59-1A2F9D8C1007}.Release|x86.Build.0 = Release|Win32
		{1A4F8891-8C19-4C47-9B59-1A2F9D8C1008}.Debug|x64.ActiveCfg = Debug|x64
		{1A4F8891-8C19-4C47-9B59-1A2F9D8C1008}.Debug|x64.Build.0 = Debug|x64
		{1A4F8891-8C19-4C47-9B59-1A2F9D8C1008}.Debug|x86.ActiveCfg = Debug|Win32
		{1A4F8891-8C19-4C47-9B59-1A2F9D8C1008}.Debug|x86.Build.0 = Debug|Win32
		{1A4F8891-8C19-4C47-9B59-1A2F9D8C1008}.Release|x64.ActiveCfg = Release|x64
		{1A4F8891-8C19-4C47-9B59-1A2F9D8C1008}.Release|x64.Build.0 = Release|x64
		{1A4F8891-8C19-4C47-9B59-1A2F9D8C1008}.Release|x86.ActiveCfg = Release|Win32
		{1A4F8891-8C19-4C47-9B59-1A2F9D8C1008}.Release|x86.Build.0 = Release|Win32
		{1A4F8891-8C19-4C47-9B59-1A2F9D8C1009}.Debug|x64.ActiveCfg = Debug|x64
		{1A4F8891-8C19-4C47-9B59-1A2F9D8C1009}.Debug|x64.Build.0 = Debug|x64
		{1A4F8891-8C19-4C47-9B59-1A2F9D8C1009}.Debug|x86.ActiveCfg = Debug|Win32
		{1A4F8891-8C19-4C47-9B59-1A2F9D8C1009}.Debug|x86.Build.0 = Debug|Win32
		{1A4F8891-8C19-4C47-9B59-1A2F9D8C1009}.Release|x64.ActiveCfg = Release|x64
		{1A4F8891-8C19-4C47-9B59-1A2F9D8C1009}.Release|x64.Build.0 = Release|x64
		{1A4F8891-8C19-4C47-9B59-1A2F9D8C1009}.Release|x86.ActiveCfg = Release|Win32
		{1A4F8891-8C19-4C47-9B59-1A2F9D8C1009}.Release|x86.Build.0 = Release|Win32
		{1A4F8891-8C19-4C47-9B59-1A2F9D8C1010}.Debug|x64.ActiveCfg = Debug|x64
		{1A4F8891-8C19-4C47-9B59-1A2F9D8C1010}.Debug|x64.Build.0 = Debug|x64
		{1A4F8891-8C19-4C47-9B59-1A2F9D8C1010}.Debug|x86.ActiveCfg = Debug|Win32
		{1A4F8891-8C19-4C47-9B59-1A2F9D8C1010}.Debug|x86.Build.0 = Debug|Win32
		{1A4F8891-8C19-4C47-9B59-1A2F9D8C1010}.Release|x64.ActiveCfg = Release|x64
		{1A4F8891-8C19-4C47-9B59-1A2F9D8C1010}.Release|x64.Build.0 = Release|x64
		{1A4F8891-8C19-4C47-9B59-1A2F9D8C1010}.Release|x86.ActiveCfg = Release|Win32
		{1A4F8891-8C19-4C47-9B59-1A2F9D8C1010}.Release|x86.Build.0 = Release|Win32
		{1A4F8891-8C19-4C47-9B59-1A2F9D8C1011}.Debug|x64.ActiveCfg = Debug|x64
		{1A4F8891-8C19-4C47-9B59-1A2F9D8C1011}.Debug|x64.Build.0 = Debug|x64
		{1A4F8891-8C19-4C47-9B59-1A2F9D8C1011}.Debug|x86.ActiveCfg = Debug|Win32
		{1A4F8891-8C19-4C47-9B59-1A2F9D8C1011}.Debug|x86.Build.0 = Debug|Win32
		{1A4F8891-8C19-4C47-9B59-1A2F9D8C1011}.Release|x64.ActiveCfg = Release|x64
		{1A4F8891-8C19-4C47-9B59-1A2F9D8C1011}.Release|x64.Build.0 = Release|x64
		{1A4F8891-8C19-4C47-9B59-1A2F9D8C1011}.Release|x86.ActiveCfg = Release|Win32
		{1A4F8891-8C19-4C47-9B59-1A2F9D8C1011}.Release|x86.Build.0 = Release|Win32
		{1A4F8891-8C19-4C47-9B59-1A2F9D8C1012}.Debug|x64.ActiveCfg = Debug|x64
		{1A4F8891-8C19-4C47-9B59-1A2F9D8C1012}.Debug|x64.Build.0 = Debug|x64
		{1A4F8891-8C19-4C47-9B59-1A2F9D8C1012}.Debug|x86.ActiveCfg = Debug|Win32
		{1A4F8891-8C19-4C47-9B59-1A2F9D8C1012}.Debug|x86.Build.0 = Debug|Win32
		{1A4F8891-8C19-4C47-9B59-1A2F9D8C1012}.Release|x64.ActiveCfg = Release|x64
		{1A4F8891-8C19-4C47-9B59-1A2F9D8C1012}.Release|x64.Build.0 = Release|x64
		{1A4F8891-8C19-4C47-9B59-1A2F9D8C1012}.Release|x86.ActiveCfg = Release|Win32
		{1A4F8891-8C19-4C47-9B59-1A2F9D8C1012}.Release|x86.Build.0 = Release|Win32
		{1A4F8891-8C19-4C47-9B59-1A2F9D8C1013}.Debug|x64.ActiveCfg = Debug|x64
		{1A4F8891-8C19-4C47-9B59-1A2F9D8C1013}.Debug|x64.Build.0 = Debug|x64
		{1A4F8891-8C19-4C47-9B59-1A2F9D8C1013}.Debug|x86.ActiveCfg = Debug|Win32
		{1A4F8891-8C19-4C47-9B59-1A2F9D8C1013}.Debug|x86.Build.0 = Debug|Win32
		{1A4F8891-8C19-4C47-9B59-1A2F9D8C1013}.Release|x64.ActiveCfg = Release|x64
		{1A4F8891-8C19-4C47-9B59-1A2F9D8C1013}.Release|x64.Build.0 = Release|x64
		{1A4F8891-8C19-4C47-9B59-1A2F9D8C1013}.Release|x86.ActiveCfg = Release|Win32
		{1A4F8891-8C19-4C47-9B59-1A2F9D8C1013}.Release|x86.Build.0 = Release|Win32
		{1A4F8891-8C19-4C47-9B59-1A2F9D8C1014}.Debug|x64.ActiveCfg = Debug|x64
		{1A4F8891-8C19-4C47-9B59-1A2F9D8C1014}.Debug|x64.Build.0 = Debug|x64
		{1A4F8891-8C19-4C47-9B59-1A2F9D8C1014}.Debug|x86.ActiveCfg = Debug|Win32
		{1A4F8891-8C19-4C47-9B59-1A2F9D8C1014}.Debug|x86.Build.0 = Debug|Win32
		{1A4F8891-8C19-4C47-9B59-1A2F9D8C1014}.Release|x64.ActiveCfg = Release|x64
		{1A4F8891-8C19-4C47-9B59-1A2F9D8C1014}.Release|x64.Build.0 = Release|x64
		{1A4F8891-8C19-4C47-9B59-1A2F9D8C1014}.Release|x86.ActiveCfg = Release|Win32
		{1A4F8891-8C19-4C47-9B59-1A2F9D8C1014}.Release|x86.Build.0 = Release|Win32
		{1A4F8891-8C19-4C47-9B59-1A2F9D8C1015}.Debug|x64.ActiveCfg = Debug|x64
		{1A4F8891-8C19-4C47-9B59-1A2F9D8C1015}.Debug|x64.Build.0 = Debug|x64
		{1A4F8891-8C19-4C47-9B59-1A2F9D8C1015}.Debug|x86.ActiveCfg = Debug|Win32
		{1A4F8891-8C19-4C47-9B59-1A2F9D8C1015}.Debug|x86.Build.0 = Debug|Win32
		{1A4F8891-8C19-4C47-9B59-1A2F9D8C1015}.Release|x64.ActiveCfg = Release|x64
		{1A4F8891-8C19-4C47-9B59-1A2F9D8C1015}.Release|x64.Build.0 = Release|x64
		{1A4F8891-8C19-4C47-9B59-1A2F9D8C1015}.Release|x86.ActiveCfg = Release|Win32
		{1A4F8891-8C19-4C47-9B59-1A2F9D8C1015}.Release|x86.Build.0 = Release|Win32
		{1A4F8891-8C19-4C47-9B59-1A2F9D8C1016}.Debug|x64.ActiveCfg = Debug|x64
		{1A4F8891-8C19-4C47-9B59-1A2F9D8C1016}.Debug|x64.Build.0 = Debug|x64
		{1A4F8891-8C19-4C47-9B59-1A2F9D8C1016}.Debug|x86.ActiveCfg = Debug|Win32
		{1A4F8891-8C19-4C47-9B59-1A2F9D8C1016}.Debug|x86.Build.0 = Debug|Win32
		{1A4F8891-8C19-4C47-9B59-1A2F9D8C1016}.Release|x64.ActiveCfg = Release|x64
		{1A4F8891-8C19-4C47-9B59-1A2F9D8C1016}.Release|x64.Build.0 = Release|x64
		{1A4F8891-8C19-4C47-9B59-1A2F9D8C1016}.Release|x86.ActiveCfg = Release|Win32
		{1A4F8891-8C19-4C47-9B59-1A2F9D8C1016}.Release|x86.Build.0 = Release|Win32
		{1A4F8891-8C19-4C47-9B59-1A2F9D8C1017}.Debug|x64.ActiveCfg = Debug|x64
		{1A4F8891-8C19-4C47-9B59-1A2F9D8C1017}.Debug|x64.Build.0 = Debug|x64
		{1A4F8891-8C19-4C47-9B59-1A2F9D8C1017}.Debug|x86.ActiveCfg = Debug|Win32
		{1A4F8891-8C19-4C47-9B59-1A2F9D8C1017}.Debug|x86.Build.0 = Debug|Win32
		{1A4F8891-8C19-4C47-9B59-1A2F9D8C1017}.Release|x64.ActiveCfg = Release|x64
		{1A4F8891-8C19-4C47-9B59-1A2F9D8C1017}.Release|x64.Build.0 = Release|x64
		{1A4F8891-8C19-4C47-9B59-1A2F9D8C1017}.Release|x86.ActiveCfg = Release|Win32
		{1A4F8891-8C19-4C47-9B59-1A2F9D8C1017}.Release|x86.Build.0 = Release|Win32
		{1A4F8891-8C19-4C47-9B59-1A2F9D8C1018}.Debug|x64.ActiveCfg = Debug|x64
		{1A4F8891-8C19-4C47-9B59-1A2F9D8C1018}.Debug|x64.Build.0 = Debug|x64
		{1A4F8891-8C19-4C47-9B59-1A2F9D8C1018}.Debug|x86.ActiveCfg = Debug|Win32
		{1A4F8891-8C19-4C47-9B59-1A2F9D8C1018}.Debug|x86.Build.0 = Debug|Win32
		{1A4F8891-8C19-4C47-9B59-1A2F9D8C1018}.Release|x64.ActiveCfg = Release|x64
		{1A4F8891-8C19-4C47-9B59-1A2F9D8C1018}.Release|x64.Build.0 = Release|x64
		{1A4F8891-8C19-4C47-9B59-1A2F9D8C1018}.Release|x86.ActiveCfg = Release|Win32
		{1A4F8891-8C19-4C47-9B59-1A2F9D8C1018}.Release|x86.Build.0 = Release|Win32
	EndGlobalSection
	GlobalSection(SolutionProperties) = preSolution
		HideSolutionNode = FALSE
	EndGlobalSection
	GlobalSection(ExtensibilityGlobals) = postSolution
		SolutionGuid = {B7A7D616-4A01-43C9-8125-86736C8C535E}
	EndGlobalSection
EndGlobal
