<?xml version="1.0" encoding="utf-8"?>
<Project ToolsVersion="4.0" xmlns="http://schemas.microsoft.com/developer/msbuild/2003">
  <ItemGroup>
    <Filter Include="�w�b�_�[ �t�@�C��">
      <UniqueIdentifier>{93995380-89BD-4b04-88EB-625FBE52EBFB}</UniqueIdentifier>
      <Extensions>h;hh;hpp;hxx;h++;hm;inl;inc;ipp;xsd</Extensions>
    </Filter>
  </ItemGroup>
  <ItemGroup>
    <ClCompile Include="External\imgui\imgui.cpp" />
    <ClCompile Include="External\imgui\ImGuizmo.cpp" />
    <ClCompile Include="External\imgui\imgui_draw.cpp" />
    <ClCompile Include="External\imgui\imgui_impl_dx12.cpp" />
    <ClCompile Include="External\imgui\imgui_impl_win32.cpp" />
    <ClCompile Include="External\imgui\imgui_neo_internal.cpp" />
    <ClCompile Include="External\imgui\imgui_neo_sequencer.cpp" />
    <ClCompile Include="External\imgui\imgui_render.cpp" />
    <ClCompile Include="External\imgui\imgui_tables.cpp" />
    <ClCompile Include="External\imgui\imgui_widgets.cpp" />
    <ClCompile Include="External\imgui\imgui_widget_flamegraph.cpp" />
    <ClCompile Include="External\imgui\ImNodeFlow.cpp" />
    <ClCompile Include="Source\Audio\AudioEngine.cpp" />
    <ClCompile Include="Source\Audio\AudioManager.cpp" />
    <ClCompile Include="Source\Audio\SoundBuffer.cpp" />
    <ClCompile Include="Source\Audio\SoundVoice.cpp" />
    <ClCompile Include="Source\Camera\CameraManager.cpp" />
    <ClCompile Include="Source\Camera\FreeCameraBehaviour.cpp" />
    <ClCompile Include="Source\Component\Component.cpp" />
    <ClCompile Include="Source\Component\TransformComponent.cpp" />
    <ClCompile Include="Source\Editor\EditorContext.cpp" />
    <ClCompile Include="Source\Editor\EditorManager.cpp" />
    <ClCompile Include="Source\Editor\HierarchyWindow.cpp" />
    <ClCompile Include="Source\Editor\InspectorWindow.cpp" />
    <ClCompile Include="Source\GameObject\GameObject.cpp" />
    <ClCompile Include="Source\GameObject\GameObjectRegistry.cpp" />
    <ClCompile Include="Source\Graphics\DescriptorHeapManager.cpp" />
    <ClCompile Include="Source\Graphics\CommandListPool.cpp" />
    <ClCompile Include="Source\Graphics\DX12.cpp" />
    <ClCompile Include="Source\Graphics\LoadTexture.cpp" />
    <ClCompile Include="Source\Graphics\PiplineState.cpp" />
    <ClCompile Include="Source\Graphics\PSOCreator.cpp" />
    <ClCompile Include="Source\Graphics\RootSignatureManager.cpp" />
    <ClCompile Include="Source\Graphics\ShaderManager.cpp" />
    <ClCompile Include="Source\Graphics\TextureManager.cpp" />
    <ClCompile Include="Source\Graphics\UploadBuffer.cpp" />
    <ClCompile Include="Source\Input\InputManager.cpp" />
    <ClCompile Include="Source\Main.cpp" />
    <ClCompile Include="Source\Math\SimpleMath.cpp" />
    <ClCompile Include="Source\Model\FbxLoad.cpp" />
    <ClCompile Include="Source\Model\PmxLoad.cpp" />
    <ClCompile Include="Source\Model\VmdLoad.cpp" />
    <ClCompile Include="Source\pch.cpp" />
    <ClCompile Include="Source\Scene\SceneManager.cpp" />
    <ClCompile Include="Source\Scene\TestScene.cpp" />
    <ClCompile Include="Source\System\CpuGpuProfiler.cpp" />
    <ClCompile Include="Source\System\DebugPrimitive.cpp" />
    <ClCompile Include="Source\System\Dialog.cpp" />
    <ClCompile Include="Source\System\Logger.cpp" />
    <ClCompile Include="Source\System\TimeManager.cpp" />
    <ClCompile Include="Source\System\Window.cpp" />
    <ClCompile Include="Source\Physics\PhysicsWorld.cpp" />
    <ClCompile Include="Source\Component\ColliderComponent.cpp" />
    <ClCompile Include="Source\Component\RigidbodyComponent.cpp" />
    <ClCompile Include="External\imgui\ImCurveEdit.cpp" />
    <ClCompile Include="Source\Model\ModelData.cpp" />
    <ClCompile Include="Source\Render\ModelRender.cpp" />
    <ClCompile Include="Source\Scene\ModelEditorScene.cpp" />
    <ClCompile Include="Source\Render\RenderManager.cpp" />
    <ClCompile Include="Source\Render\FbxRender.cpp" />
  </ItemGroup>
  <ItemGroup>
    <ClInclude Include="Source\Graphics\DX12.h">
      <Filter>�w�b�_�[ �t�@�C��</Filter>
    </ClInclude>
    <ClInclude Include="Source\System\Logger.h">
      <Filter>�w�b�_�[ �t�@�C��</Filter>
    </ClInclude>
    <ClInclude Include="Source\System\Stringformat.h">
      <Filter>�w�b�_�[ �t�@�C��</Filter>
    </ClInclude>
    <ClInclude Include="Source\System\Window.h">
      <Filter>�w�b�_�[ �t�@�C��</Filter>
    </ClInclude>
    <ClInclude Include="External\imgui\imconfig.h">
      <Filter>�w�b�_�[ �t�@�C��</Filter>
    </ClInclude>
    <ClInclude Include="External\imgui\imgui.h">
      <Filter>�w�b�_�[ �t�@�C��</Filter>
    </ClInclude>
    <ClInclude Include="External\imgui\imgui_impl_dx12.h">
      <Filter>�w�b�_�[ �t�@�C��</Filter>
    </ClInclude>
    <ClInclude Include="External\imgui\imgui_impl_win32.h">
      <Filter>�w�b�_�[ �t�@�C��</Filter>
    </ClInclude>
    <ClInclude Include="External\imgui\imgui_internal.h">
      <Filter>�w�b�_�[ �t�@�C��</Filter>
    </ClInclude>
    <ClInclude Include="External\imgui\imstb_rectpack.h">
      <Filter>�w�b�_�[ �t�@�C��</Filter>
    </ClInclude>
    <ClInclude Include="External\imgui\imstb_textedit.h">
      <Filter>�w�b�_�[ �t�@�C��</Filter>
    </ClInclude>
    <ClInclude Include="External\imgui\imstb_truetype.h">
      <Filter>�w�b�_�[ �t�@�C��</Filter>
    </ClInclude>
    <ClInclude Include="External\imgui\imgui_render.h">
      <Filter>�w�b�_�[ �t�@�C��</Filter>
    </ClInclude>
    <ClInclude Include="External\imgui\imgui_widget_flamegraph.h">
      <Filter>�w�b�_�[ �t�@�C��</Filter>
    </ClInclude>
    <ClInclude Include="Source\Math\SimpleMath.h">
      <Filter>�w�b�_�[ �t�@�C��</Filter>
    </ClInclude>
    <ClInclude Include="Source\pch.h">
      <Filter>�w�b�_�[ �t�@�C��</Filter>
    </ClInclude>
    <ClInclude Include="Source\Graphics\PiplineState.h">
      <Filter>�w�b�_�[ �t�@�C��</Filter>
    </ClInclude>
    <ClInclude Include="Source\Graphics\LoadTexture.h">
      <Filter>�w�b�_�[ �t�@�C��</Filter>
    </ClInclude>
    <ClInclude Include="Source\Model\PmxLoad.h">
      <Filter>�w�b�_�[ �t�@�C��</Filter>
    </ClInclude>
    <ClInclude Include="External\imgui\imgui_neo_sequencer.h">
      <Filter>�w�b�_�[ �t�@�C��</Filter>
    </ClInclude>
    <ClInclude Include="External\imgui\imgui_neo_internal.h">
      <Filter>�w�b�_�[ �t�@�C��</Filter>
    </ClInclude>
    <ClInclude Include="External\imgui\ImNodeFlow.h">
      <Filter>�w�b�_�[ �t�@�C��</Filter>
    </ClInclude>
    <ClInclude Include="External\imgui\imgui_bezier_math.h">
      <Filter>�w�b�_�[ �t�@�C��</Filter>
    </ClInclude>
    <ClInclude Include="External\imgui\imgui_extra_math.h">
      <Filter>�w�b�_�[ �t�@�C��</Filter>
    </ClInclude>
    <ClInclude Include="External\imgui\context_wrapper.h">
      <Filter>�w�b�_�[ �t�@�C��</Filter>
    </ClInclude>
    <ClInclude Include="Source\Graphics\TextureManager.h">
      <Filter>�w�b�_�[ �t�@�C��</Filter>
    </ClInclude>
    <ClInclude Include="Source\Graphics\ShaderManager.h">
      <Filter>�w�b�_�[ �t�@�C��</Filter>
    </ClInclude>
    <ClInclude Include="Source\System\TimeManager.h">
      <Filter>�w�b�_�[ �t�@�C��</Filter>
    </ClInclude>
    <ClInclude Include="Source\System\CpuGpuProfiler.h">
      <Filter>�w�b�_�[ �t�@�C��</Filter>
    </ClInclude>
    <ClInclude Include="Source\Graphics\RootSignatureManager.h">
      <Filter>�w�b�_�[ �t�@�C��</Filter>
    </ClInclude>
    <ClInclude Include="Source\Graphics\DescriptorHeapManager.h">
      <Filter>�w�b�_�[ �t�@�C��</Filter>
    </ClInclude>
    <ClInclude Include="Source\Graphics\CommandListPool.h">
      <Filter>�w�b�_�[ �t�@�C��</Filter>
    </ClInclude>
    <ClInclude Include="Source\Graphics\ConstantBuffer.h">
      <Filter>�w�b�_�[ �t�@�C��</Filter>
    </ClInclude>
    <ClInclude Include="Source\Graphics\VertexBuffer.h">
      <Filter>�w�b�_�[ �t�@�C��</Filter>
    </ClInclude>
    <ClInclude Include="Source\Graphics\IndexBuffer.h">
      <Filter>�w�b�_�[ �t�@�C��</Filter>
    </ClInclude>
    <ClInclude Include="Source\Scene\Scene.h">
      <Filter>�w�b�_�[ �t�@�C��</Filter>
    </ClInclude>
    <ClInclude Include="Source\Scene\SceneManager.h">
      <Filter>�w�b�_�[ �t�@�C��</Filter>
    </ClInclude>
    <ClInclude Include="Source\Camera\Camera.h">
      <Filter>�w�b�_�[ �t�@�C��</Filter>
    </ClInclude>
    <ClInclude Include="Source\Camera\CameraManager.h">
      <Filter>�w�b�_�[ �t�@�C��</Filter>
    </ClInclude>
    <ClInclude Include="Source\Camera\CameraBehaviour.h">
      <Filter>�w�b�_�[ �t�@�C��</Filter>
    </ClInclude>
    <ClInclude Include="Source\System\LoggerMacros.h">
      <Filter>�w�b�_�[ �t�@�C��</Filter>
    </ClInclude>
    <ClInclude Include="Source\GameObject\GameObject.h">
      <Filter>�w�b�_�[ �t�@�C��</Filter>
    </ClInclude>
    <ClInclude Include="Source\Component\Component.h">
      <Filter>�w�b�_�[ �t�@�C��</Filter>
    </ClInclude>
    <ClInclude Include="Source\Component\Object.h">
      <Filter>�w�b�_�[ �t�@�C��</Filter>
    </ClInclude>
    <ClInclude Include="Source\GameObject\GameObjectRegistry.h">
      <Filter>�w�b�_�[ �t�@�C��</Filter>
    </ClInclude>
    <ClInclude Include="Source\Editor\EditorContext.h">
      <Filter>�w�b�_�[ �t�@�C��</Filter>
    </ClInclude>
    <ClInclude Include="Source\Editor\EditorManager.h">
      <Filter>�w�b�_�[ �t�@�C��</Filter>
    </ClInclude>
    <ClInclude Include="Source\Editor\HierarchyWindow.h">
      <Filter>�w�b�_�[ �t�@�C��</Filter>
    </ClInclude>
    <ClInclude Include="Source\Editor\InspectorWindow.h">
      <Filter>�w�b�_�[ �t�@�C��</Filter>
    </ClInclude>
    <ClInclude Include="Source\Input\InputManager.h">
      <Filter>�w�b�_�[ �t�@�C��</Filter>
    </ClInclude>
    <ClInclude Include="Source\Audio\miniaudio.h">
      <Filter>�w�b�_�[ �t�@�C��</Filter>
    </ClInclude>
    <ClInclude Include="Source\Audio\AudioEngine.h">
      <Filter>�w�b�_�[ �t�@�C��</Filter>
    </ClInclude>
    <ClInclude Include="Source\Audio\SoundBuffer.h">
      <Filter>�w�b�_�[ �t�@�C��</Filter>
    </ClInclude>
    <ClInclude Include="Source\Audio\AudioManager.h">
      <Filter>�w�b�_�[ �t�@�C��</Filter>
    </ClInclude>
    <ClInclude Include="Source\Audio\SoundVoice.h">
      <Filter>�w�b�_�[ �t�@�C��</Filter>
    </ClInclude>
    <ClInclude Include="Source\Graphics\UploadBuffer.h">
      <Filter>�w�b�_�[ �t�@�C��</Filter>
    </ClInclude>
    <ClInclude Include="Source\Graphics\PSOCreator.h">
      <Filter>�w�b�_�[ �t�@�C��</Filter>
    </ClInclude>
    <ClInclude Include="Source\Graphics\ShaderData.h">
      <Filter>�w�b�_�[ �t�@�C��</Filter>
    </ClInclude>
    <ClInclude Include="Source\Camera\FreeCameraBehaviour.h">
      <Filter>�w�b�_�[ �t�@�C��</Filter>
    </ClInclude>
    <ClInclude Include="External\magic_enum\magic_enum.hpp">
      <Filter>�w�b�_�[ �t�@�C��</Filter>
    </ClInclude>
    <ClInclude Include="External\magic_enum\magic_enum_all.hpp">
      <Filter>�w�b�_�[ �t�@�C��</Filter>
    </ClInclude>
    <ClInclude Include="External\magic_enum\magic_enum_containers.hpp">
      <Filter>�w�b�_�[ �t�@�C��</Filter>
    </ClInclude>
    <ClInclude Include="External\magic_enum\magic_enum_flags.hpp">
      <Filter>�w�b�_�[ �t�@�C��</Filter>
    </ClInclude>
    <ClInclude Include="External\magic_enum\magic_enum_format.hpp">
      <Filter>�w�b�_�[ �t�@�C��</Filter>
    </ClInclude>
    <ClInclude Include="External\magic_enum\magic_enum_fuse.hpp">
      <Filter>�w�b�_�[ �t�@�C��</Filter>
    </ClInclude>
    <ClInclude Include="External\magic_enum\magic_enum_iostream.hpp">
      <Filter>�w�b�_�[ �t�@�C��</Filter>
    </ClInclude>
    <ClInclude Include="External\magic_enum\magic_enum_switch.hpp">
      <Filter>�w�b�_�[ �t�@�C��</Filter>
    </ClInclude>
    <ClInclude Include="External\magic_enum\magic_enum_utility.hpp">
      <Filter>�w�b�_�[ �t�@�C��</Filter>
    </ClInclude>
    <ClInclude Include="Source\Scene\TestScene.h">
      <Filter>�w�b�_�[ �t�@�C��</Filter>
    </ClInclude>
    <ClInclude Include="Source\System\Dialog.h">
      <Filter>�w�b�_�[ �t�@�C��</Filter>
    </ClInclude>
    <ClInclude Include="Source\System\DebugPrimitive.h">
      <Filter>�w�b�_�[ �t�@�C��</Filter>
    </ClInclude>
    <ClInclude Include="Source\Component\TransformComponent.h">
      <Filter>�w�b�_�[ �t�@�C��</Filter>
    </ClInclude>
    <ClInclude Include="External\imgui\ImGuizmo.h">
      <Filter>�w�b�_�[ �t�@�C��</Filter>
    </ClInclude>
    <ClInclude Include="Source\Model\VmdLoad.h">
      <Filter>�w�b�_�[ �t�@�C��</Filter>
    </ClInclude>
    <ClInclude Include="Source\Model\FbxLoad.h">
      <Filter>�w�b�_�[ �t�@�C��</Filter>
    </ClInclude>
    <ClInclude Include="Source\Physics\PhysicsWorld.h">
      <Filter>�w�b�_�[ �t�%40�C��</Filter>
    </ClInclude>
    <ClInclude Include="Source\Component\ColliderComponent.h">
      <Filter>�w�b�_�[ �t�%40�C��</Filter>
    </ClInclude>
    <ClInclude Include="Source\Component\RigidbodyComponent.h">
      <Filter>�w�b�_�[ �t�%40�C��</Filter>
    </ClInclude>
    <ClInclude Include="Source\Physics\PhysXHelper.h">
      <Filter>�w�b�_�[ �t�%40�C��</Filter>
    </ClInclude>
    <ClInclude Include="External\imgui\ImCurveEdit.h">
      <Filter>�w�b�_�[ �t�%40�C��</Filter>
    </ClInclude>
    <ClInclude Include="Source\Model\ModelData.h">
      <Filter>�w�b�_�[ �t�%40�C��</Filter>
    </ClInclude>
    <ClInclude Include="Source\System\Binary.h">
      <Filter>�w�b�_�[ �t�%40�C��</Filter>
    </ClInclude>
    <ClInclude Include="Source\Render\ModelRender.h">
      <Filter>�w�b�_�[ �t�%40�C��</Filter>
    </ClInclude>
    <ClInclude Include="Source\Scene\ModelEditorScene.h">
      <Filter>�w�b�_�[ �t�%40�C��</Filter>
    </ClInclude>
    <ClInclude Include="Source\Render\RenderManager.h">
      <Filter>�w�b�_�[ �t�%40�C��</Filter>
    </ClInclude>
    <ClInclude Include="Source\Component\IRenderComponent.h">
      <Filter>�w�b�_�[ �t�%40�C��</Filter>
    </ClInclude>
    <ClInclude Include="Source\Render\FbxRender.h">
      <Filter>�w�b�_�[ �t�%40�C��</Filter>
    </ClInclude>
  </ItemGroup>
  <ItemGroup>
    <None Include="HLSL\Polygon.hlsli" />
    <None Include="HLSL\PMX.hlsli" />
    <None Include="HLSL\CommonConstants.hlsli" />
    <None Include="HLSL\Common.hlsli" />
    <None Include="HLSL\DebugPrimitive.hlsli" />
    <None Include="HLSL\FBX.hlsli" />
  </ItemGroup>
  <ItemGroup>
    <FxCompile Include="HLSL\PolygonVS.hlsl" />
    <FxCompile Include="HLSL\PolygonPS.hlsl" />
    <FxCompile Include="HLSL\PMXVS.hlsl" />
    <FxCompile Include="HLSL\PMXPS.hlsl" />
    <FxCompile Include="HLSL\DebugPrimitiveVS.hlsl" />
    <FxCompile Include="HLSL\DebugPrimitivePS.hlsl" />
    <FxCompile Include="HLSL\FBXVS.hlsl" />
    <FxCompile Include="HLSL\FBXPS.hlsl" />
  </ItemGroup>
</Project>