<?xml version="1.0" encoding="utf-8"?>
<Project ToolsVersion="4.0" xmlns="http://schemas.microsoft.com/developer/msbuild/2003">
  <ItemGroup>
    <Filter Include="�w�b�_�[ �t�@�C��">
      <UniqueIdentifier>{93995380-89BD-4b04-88EB-625FBE52EBFB}</UniqueIdentifier>
      <Extensions>h;hh;hpp;hxx;h++;hm;inl;inc;ipp;xsd</Extensions>
    </Filter>
  </ItemGroup>
  <ItemGroup>
    <ClCompile Include="External\imgui\imgui.cpp" />
    <ClCompile Include="External\imgui\ImGuizmo.cpp" />
    <ClCompile Include="External\imgui\imgui_draw.cpp" />
    <ClCompile Include="External\imgui\imgui_impl_dx12.cpp" />
    <ClCompile Include="External\imgui\imgui_impl_win32.cpp" />
    <ClCompile Include="External\imgui\imgui_neo_internal.cpp" />
    <ClCompile Include="External\imgui\imgui_neo_sequencer.cpp" />
    <ClCompile Include="External\imgui\imgui_render.cpp" />
    <ClCompile Include="External\imgui\imgui_tables.cpp" />
    <ClCompile Include="External\imgui\imgui_widgets.cpp" />
    <ClCompile Include="External\imgui\imgui_widget_flamegraph.cpp" />
    <ClCompile Include="External\imgui\ImNodeFlow.cpp" />
    <ClCompile Include="Source\Audio\AudioEngine.cpp" />
    <ClCompile Include="Source\Audio\AudioManager.cpp" />
    <ClCompile Include="Source\Audio\SoundBuffer.cpp" />
    <ClCompile Include="Source\Audio\SoundVoice.cpp" />
    <ClCompile Include="Source\Component\Component.cpp" />
    <ClCompile Include="Source\Component\TransformComponent.cpp" />
    <ClCompile Include="Source\Editor\EditorContext.cpp" />
    <ClCompile Include="Source\Editor\EditorManager.cpp" />
    <ClCompile Include="Source\Editor\AsyncAssetLoader.cpp" />
    <ClCompile Include="Source\Editor\EditorTransaction.cpp" />
    <ClCompile Include="Source\Editor\HierarchyWindow.cpp" />
    <ClCompile Include="Source\Editor\InspectorWindow.cpp" />
    <ClCompile Include="Source\GameObject\GameObject.cpp" />
    <ClCompile Include="Source\GameObject\GameObjectRegistry.cpp" />
    <ClCompile Include="Source\Graphics\DescriptorHeapManager.cpp" />
    <ClCompile Include="Source\Graphics\CommandListPool.cpp" />
    <ClCompile Include="Source\Graphics\DX12.cpp" />
    <ClCompile Include="Source\Graphics\LoadTexture.cpp" />
    <ClCompile Include="Source\Graphics\PiplineState.cpp" />
    <ClCompile Include="Source\Graphics\PSOCreator.cpp" />
    <ClCompile Include="Source\Graphics\RootSignatureManager.cpp" />
    <ClCompile Include="Source\Graphics\ShaderManager.cpp" />
    <ClCompile Include="Source\Graphics\TextureManager.cpp" />
    <ClCompile Include="Source\Graphics\UploadBuffer.cpp" />
    <ClCompile Include="Source\Input\InputManager.cpp" />
    <ClCompile Include="Source\Main.cpp" />
    <ClCompile Include="Source\Math\SimpleMath.cpp" />
    <ClCompile Include="Source\Model\ModelFlatBuffer.cpp" />
    <ClCompile Include="Source\Model\FbxLoad.cpp" />
    <ClCompile Include="Source\pch.cpp" />
    <ClCompile Include="Source\Scene\SceneManager.cpp" />
    <ClCompile Include="Source\System\CpuGpuProfiler.cpp" />
    <ClCompile Include="Source\System\DebugPrimitive.cpp" />
    <ClCompile Include="Source\System\Dialog.cpp" />
    <ClCompile Include="Source\System\CrashReporter.cpp" />
    <ClCompile Include="Source\System\Logger.cpp" />
    <ClCompile Include="Source\System\TimeManager.cpp" />
    <ClCompile Include="Source\System\Window.cpp" />
    <ClCompile Include="Source\Physics\PhysicsWorld.cpp" />
    <ClCompile Include="Source\Component\ColliderComponent.cpp" />
    <ClCompile Include="Source\Component\RigidbodyComponent.cpp" />
    <ClCompile Include="External\imgui\ImCurveEdit.cpp" />
    <ClCompile Include="Source\Scene\ModelEditorScene.cpp" />
    <ClCompile Include="Source\Render\RenderManager.cpp" />
    <ClCompile Include="Source\Render\HiZPyramid.cpp" />
    <ClCompile Include="Source\Model\ModelResource.cpp" />
    <ClCompile Include="Source\Model\Model.cpp" />
    <ClCompile Include="Source\Scene\Scene.cpp" />
    <ClCompile Include="Source\Component\FbxRenderComponent.cpp" />
    <ClCompile Include="Source\Component\IRenderComponent.cpp" />
    <ClCompile Include="Source\Camera\CameraComponent.cpp" />
    <ClCompile Include="Source\Camera\CameraManager.cpp" />
    <ClCompile Include="Source\Camera\FreeCameraComponent.cpp" />
    <ClCompile Include="Source\Physics\Raycast.cpp" />
    <ClCompile Include="Source\GameObject\ObjectPicker.cpp" />
    <ClCompile Include="Source\Component\AnimationComponent.cpp" />
    <ClCompile Include="Source\Editor\ScreenCapture.cpp" />
    <ClCompile Include="Source\Animation\AnimationStateMachine.cpp" />
    <ClCompile Include="Source\Animation\AnimatorControllerAsset.cpp" />
    <ClCompile Include="Source\Component\PostEffectComponent.cpp" />
    <ClCompile Include="Source\PostEffect\PostEffectBase.cpp" />
    <ClCompile Include="Source\PostEffect\PostEffectRenderTargets.cpp" />
    <ClCompile Include="Source\PostEffect\BloomEffect.cpp" />
    <ClCompile Include="Source\PostEffect\ColorGradingEffect.cpp" />
    <ClCompile Include="Source\Component\SkyboxComponent.cpp" />
    <ClCompile Include="Source\Editor\CubemapToolWindow.cpp" />
    <ClCompile Include="Source\Graphics\IBLManager.cpp" />
    <ClCompile Include="Source\Render\GBufferRenderTargets.cpp" />
    <ClCompile Include="Source\Render\DeferredRenderer.cpp" />
    <ClCompile Include="Source\PostEffect\PostEffectManager.cpp" />
    <ClCompile Include="Source\Render\RenderPipeline.cpp" />
    <ClCompile Include="Source\Render\ShadowMapRenderer.cpp" />
    <ClCompile Include="Source\PostEffect\DepthOfFieldEffect.cpp" />
    <ClCompile Include="Source\PostEffect\MotionBlurEffect.cpp" />
    <ClCompile Include="Source\Component\GpuEffectComponent.cpp" />
    <ClCompile Include="Source\Scene\ParticleScene.cpp" />
    <ClCompile Include="Source\Scene\SceneFlatBuffer.cpp" />
    <ClCompile Include="Source\Scene\PrefabFlatBuffer.cpp" />
    <ClCompile Include="Source\Test\EngineTestRunner.cpp" />
  </ItemGroup>
  <ItemGroup>
    <ClInclude Include="Source\Graphics\DX12.h">
      <Filter>�w�b�_�[ �t�@�C��</Filter>
    </ClInclude>
    <ClInclude Include="Source\System\Logger.h">
      <Filter>�w�b�_�[ �t�@�C��</Filter>
    </ClInclude>
    <ClInclude Include="Source\System\Stringformat.h">
      <Filter>�w�b�_�[ �t�@�C��</Filter>
    </ClInclude>
    <ClInclude Include="Source\System\Window.h">
      <Filter>�w�b�_�[ �t�@�C��</Filter>
    </ClInclude>
    <ClInclude Include="External\imgui\imconfig.h">
      <Filter>�w�b�_�[ �t�@�C��</Filter>
    </ClInclude>
    <ClInclude Include="External\imgui\imgui.h">
      <Filter>�w�b�_�[ �t�@�C��</Filter>
    </ClInclude>
    <ClInclude Include="External\imgui\imgui_impl_dx12.h">
      <Filter>�w�b�_�[ �t�@�C��</Filter>
    </ClInclude>
    <ClInclude Include="External\imgui\imgui_impl_win32.h">
      <Filter>�w�b�_�[ �t�@�C��</Filter>
    </ClInclude>
    <ClInclude Include="External\imgui\imgui_internal.h">
      <Filter>�w�b�_�[ �t�@�C��</Filter>
    </ClInclude>
    <ClInclude Include="External\imgui\imstb_rectpack.h">
      <Filter>�w�b�_�[ �t�@�C��</Filter>
    </ClInclude>
    <ClInclude Include="External\imgui\imstb_textedit.h">
      <Filter>�w�b�_�[ �t�@�C��</Filter>
    </ClInclude>
    <ClInclude Include="External\imgui\imstb_truetype.h">
      <Filter>�w�b�_�[ �t�@�C��</Filter>
    </ClInclude>
    <ClInclude Include="External\imgui\imgui_render.h">
      <Filter>�w�b�_�[ �t�@�C��</Filter>
    </ClInclude>
    <ClInclude Include="External\imgui\imgui_widget_flamegraph.h">
      <Filter>�w�b�_�[ �t�@�C��</Filter>
    </ClInclude>
    <ClInclude Include="Source\Math\SimpleMath.h">
      <Filter>�w�b�_�[ �t�@�C��</Filter>
    </ClInclude>
    <ClInclude Include="Source\Model\ModelFlatBuffer.h">
      <Filter>�w�b�_�[ �t�@�C��</Filter>
    </ClInclude>
    <ClInclude Include="Source\pch.h">
      <Filter>�w�b�_�[ �t�@�C��</Filter>
    </ClInclude>
    <ClInclude Include="Source\Graphics\PiplineState.h">
      <Filter>�w�b�_�[ �t�@�C��</Filter>
    </ClInclude>
    <ClInclude Include="Source\Graphics\LoadTexture.h">
      <Filter>�w�b�_�[ �t�@�C��</Filter>
    </ClInclude>
    <ClInclude Include="External\imgui\imgui_neo_sequencer.h">
      <Filter>�w�b�_�[ �t�@�C��</Filter>
    </ClInclude>
    <ClInclude Include="External\imgui\imgui_neo_internal.h">
      <Filter>�w�b�_�[ �t�@�C��</Filter>
    </ClInclude>
    <ClInclude Include="External\imgui\ImNodeFlow.h">
      <Filter>�w�b�_�[ �t�@�C��</Filter>
    </ClInclude>
    <ClInclude Include="External\imgui\imgui_bezier_math.h">
      <Filter>�w�b�_�[ �t�@�C��</Filter>
    </ClInclude>
    <ClInclude Include="External\imgui\imgui_extra_math.h">
      <Filter>�w�b�_�[ �t�@�C��</Filter>
    </ClInclude>
    <ClInclude Include="External\imgui\context_wrapper.h">
      <Filter>�w�b�_�[ �t�@�C��</Filter>
    </ClInclude>
    <ClInclude Include="Source\Graphics\TextureManager.h">
      <Filter>�w�b�_�[ �t�@�C��</Filter>
    </ClInclude>
    <ClInclude Include="Source\Graphics\ShaderManager.h">
      <Filter>�w�b�_�[ �t�@�C��</Filter>
    </ClInclude>
    <ClInclude Include="Source\System\TimeManager.h">
      <Filter>�w�b�_�[ �t�@�C��</Filter>
    </ClInclude>
    <ClInclude Include="Source\System\CpuGpuProfiler.h">
      <Filter>�w�b�_�[ �t�@�C��</Filter>
    </ClInclude>
    <ClInclude Include="Source\Graphics\RootSignatureManager.h">
      <Filter>�w�b�_�[ �t�@�C��</Filter>
    </ClInclude>
    <ClInclude Include="Source\Graphics\DescriptorHeapManager.h">
      <Filter>�w�b�_�[ �t�@�C��</Filter>
    </ClInclude>
    <ClInclude Include="Source\Graphics\CommandListPool.h">
      <Filter>�w�b�_�[ �t�@�C��</Filter>
    </ClInclude>
    <ClInclude Include="Source\Graphics\ConstantBuffer.h">
      <Filter>�w�b�_�[ �t�@�C��</Filter>
    </ClInclude>
    <ClInclude Include="Source\Graphics\VertexBuffer.h">
      <Filter>�w�b�_�[ �t�@�C��</Filter>
    </ClInclude>
    <ClInclude Include="Source\Graphics\IndexBuffer.h">
      <Filter>�w�b�_�[ �t�@�C��</Filter>
    </ClInclude>
    <ClInclude Include="Source\Scene\Scene.h">
      <Filter>�w�b�_�[ �t�@�C��</Filter>
    </ClInclude>
    <ClInclude Include="Source\Scene\SceneFlatBuffer.h">
      <Filter>�w�b�_�[ �t�@�C��</Filter>
    </ClInclude>
    <ClInclude Include="Source\Scene\PrefabFlatBuffer.h">
      <Filter>�w�b�_�[ �t�@�C��</Filter>
    </ClInclude>
    <ClInclude Include="Source\Scene\SceneManager.h">
      <Filter>�w�b�_�[ �t�@�C��</Filter>
    </ClInclude>
    <ClInclude Include="Source\System\LoggerMacros.h">
      <Filter>�w�b�_�[ �t�@�C��</Filter>
    </ClInclude>
    <ClInclude Include="Source\GameObject\GameObject.h">
      <Filter>�w�b�_�[ �t�@�C��</Filter>
    </ClInclude>
    <ClInclude Include="Source\Component\Component.h">
      <Filter>�w�b�_�[ �t�@�C��</Filter>
    </ClInclude>
    <ClInclude Include="Source\Component\Object.h">
      <Filter>�w�b�_�[ �t�@�C��</Filter>
    </ClInclude>
    <ClInclude Include="Source\GameObject\GameObjectRegistry.h">
      <Filter>�w�b�_�[ �t�@�C��</Filter>
    </ClInclude>
    <ClInclude Include="Source\Editor\EditorContext.h">
      <Filter>�w�b�_�[ �t�@�C��</Filter>
    </ClInclude>
    <ClInclude Include="Source\Editor\EditorManager.h">
      <Filter>�w�b�_�[ �t�@�C��</Filter>
    </ClInclude>
    <ClInclude Include="Source\Editor\AsyncAssetLoader.h">
      <Filter>�w�b�_�[ �t�@�C��</Filter>
    </ClInclude>
    <ClInclude Include="Source\Editor\EditorTransaction.h">
      <Filter>�w�b�_�[ �t�@�C��</Filter>
    </ClInclude>
    <ClInclude Include="Source\Editor\HierarchyWindow.h">
      <Filter>�w�b�_�[ �t�@�C��</Filter>
    </ClInclude>
    <ClInclude Include="Source\Editor\InspectorWindow.h">
      <Filter>�w�b�_�[ �t�@�C��</Filter>
    </ClInclude>
    <ClInclude Include="Source\Input\InputManager.h">
      <Filter>�w�b�_�[ �t�@�C��</Filter>
    </ClInclude>
    <ClInclude Include="Source\Audio\miniaudio.h">
      <Filter>�w�b�_�[ �t�@�C��</Filter>
    </ClInclude>
    <ClInclude Include="Source\Audio\AudioEngine.h">
      <Filter>�w�b�_�[ �t�@�C��</Filter>
    </ClInclude>
    <ClInclude Include="Source\Audio\SoundBuffer.h">
      <Filter>�w�b�_�[ �t�@�C��</Filter>
    </ClInclude>
    <ClInclude Include="Source\Audio\AudioManager.h">
      <Filter>�w�b�_�[ �t�@�C��</Filter>
    </ClInclude>
    <ClInclude Include="Source\Audio\SoundVoice.h">
      <Filter>�w�b�_�[ �t�@�C��</Filter>
    </ClInclude>
    <ClInclude Include="Source\Graphics\UploadBuffer.h">
      <Filter>�w�b�_�[ �t�@�C��</Filter>
    </ClInclude>
    <ClInclude Include="Source\Graphics\PSOCreator.h">
      <Filter>�w�b�_�[ �t�@�C��</Filter>
    </ClInclude>
    <ClInclude Include="Source\Graphics\ShaderData.h">
      <Filter>�w�b�_�[ �t�@�C��</Filter>
    </ClInclude>
    <ClInclude Include="External\magic_enum\magic_enum.hpp">
      <Filter>�w�b�_�[ �t�@�C��</Filter>
    </ClInclude>
    <ClInclude Include="External\magic_enum\magic_enum_all.hpp">
      <Filter>�w�b�_�[ �t�@�C��</Filter>
    </ClInclude>
    <ClInclude Include="External\magic_enum\magic_enum_containers.hpp">
      <Filter>�w�b�_�[ �t�@�C��</Filter>
    </ClInclude>
    <ClInclude Include="External\magic_enum\magic_enum_flags.hpp">
      <Filter>�w�b�_�[ �t�@�C��</Filter>
    </ClInclude>
    <ClInclude Include="External\magic_enum\magic_enum_format.hpp">
      <Filter>�w�b�_�[ �t�@�C��</Filter>
    </ClInclude>
    <ClInclude Include="External\magic_enum\magic_enum_fuse.hpp">
      <Filter>�w�b�_�[ �t�@�C��</Filter>
    </ClInclude>
    <ClInclude Include="External\magic_enum\magic_enum_iostream.hpp">
      <Filter>�w�b�_�[ �t�@�C��</Filter>
    </ClInclude>
    <ClInclude Include="External\magic_enum\magic_enum_switch.hpp">
      <Filter>�w�b�_�[ �t�@�C��</Filter>
    </ClInclude>
    <ClInclude Include="External\magic_enum\magic_enum_utility.hpp">
      <Filter>�w�b�_�[ �t�@�C��</Filter>
    </ClInclude>
    <ClInclude Include="Source\System\Dialog.h">
      <Filter>�w�b�_�[ �t�@�C��</Filter>
    </ClInclude>
    <ClInclude Include="Source\System\CrashReporter.h">
      <Filter>�w�b�_�[ �t�@�C��</Filter>
    </ClInclude>
    <ClInclude Include="Source\System\DebugPrimitive.h">
      <Filter>�w�b�_�[ �t�@�C��</Filter>
    </ClInclude>
    <ClInclude Include="Source\Component\TransformComponent.h">
      <Filter>�w�b�_�[ �t�@�C��</Filter>
    </ClInclude>
    <ClInclude Include="External\imgui\ImGuizmo.h">
      <Filter>�w�b�_�[ �t�@�C��</Filter>
    </ClInclude>
    <ClInclude Include="Source\Model\FbxLoad.h">
      <Filter>�w�b�_�[ �t�@�C��</Filter>
    </ClInclude>
    <ClInclude Include="Source\Physics\PhysicsWorld.h">
      <Filter>�w�b�_�[ �t�%40�C��</Filter>
    </ClInclude>
    <ClInclude Include="Source\Component\ColliderComponent.h">
      <Filter>�w�b�_�[ �t�%40�C��</Filter>
    </ClInclude>
    <ClInclude Include="Source\Component\RigidbodyComponent.h">
      <Filter>�w�b�_�[ �t�%40�C��</Filter>
    </ClInclude>
    <ClInclude Include="Source\Physics\PhysXHelper.h">
      <Filter>�w�b�_�[ �t�%40�C��</Filter>
    </ClInclude>
    <ClInclude Include="External\imgui\ImCurveEdit.h">
      <Filter>�w�b�_�[ �t�%40�C��</Filter>
    </ClInclude>
    <ClInclude Include="Source\Scene\ModelEditorScene.h">
      <Filter>�w�b�_�[ �t�%40�C��</Filter>
    </ClInclude>
    <ClInclude Include="Source\Render\RenderManager.h">
      <Filter>�w�b�_�[ �t�%40�C��</Filter>
    </ClInclude>
    <ClInclude Include="Source\Render\HiZPyramid.h">
      <Filter>�w�b�_�[ �t�%40�C��</Filter>
    </ClInclude>
    <ClInclude Include="Source\Component\IRenderComponent.h">
      <Filter>�w�b�_�[ �t�%40�C��</Filter>
    </ClInclude>
    <ClInclude Include="Source\Model\ModelResource.h">
      <Filter>�w�b�_�[ �t�%40�C��</Filter>
    </ClInclude>
    <ClInclude Include="Source\Model\Model.h">
      <Filter>�w�b�_�[ �t�%40�C��</Filter>
    </ClInclude>
    <ClInclude Include="Source\Component\FbxRenderComponent.h">
      <Filter>�w�b�_�[ �t�%40�C��</Filter>
    </ClInclude>
    <ClInclude Include="Source\Camera\CameraComponent.h">
      <Filter>�w�b�_�[ �t�%40�C��</Filter>
    </ClInclude>
    <ClInclude Include="Source\Camera\CameraManager.h">
      <Filter>�w�b�_�[ �t�%40�C��</Filter>
    </ClInclude>
    <ClInclude Include="Source\Camera\FreeCameraComponent.h">
      <Filter>�w�b�_�[ �t�%40�C��</Filter>
    </ClInclude>
    <ClInclude Include="Source\Physics\Raycast.h">
      <Filter>�w�b�_�[ �t�%40�C��</Filter>
    </ClInclude>
    <ClInclude Include="Source\GameObject\ObjectPicker.h">
      <Filter>�w�b�_�[ �t�%40�C��</Filter>
    </ClInclude>
    <ClInclude Include="Source\Component\AnimationComponent.h">
      <Filter>�w�b�_�[ �t�%40�C��</Filter>
    </ClInclude>
    <ClInclude Include="Source\Editor\ScreenCapture.h">
      <Filter>�w�b�_�[ �t�%40�C��</Filter>
    </ClInclude>
    <ClInclude Include="Source\Animation\AnimationCommon.h">
      <Filter>�w�b�_�[ �t�%40�C��</Filter>
    </ClInclude>
    <ClInclude Include="Source\Animation\AnimationParameter.h">
      <Filter>�w�b�_�[ �t�%40�C��</Filter>
    </ClInclude>
    <ClInclude Include="Source\Animation\AnimationEvent.h">
      <Filter>�w�b�_�[ �t�%40�C��</Filter>
    </ClInclude>
    <ClInclude Include="Source\Animation\AnimationTransition.h">
      <Filter>�w�b�_�[ �t�%40�C��</Filter>
    </ClInclude>
    <ClInclude Include="Source\Animation\AnimationState.h">
      <Filter>�w�b�_�[ �t�%40�C��</Filter>
    </ClInclude>
    <ClInclude Include="Source\Animation\AnimationLayer.h">
      <Filter>�w�b�_�[ �t�%40�C��</Filter>
    </ClInclude>
    <ClInclude Include="Source\Animation\BlendTree.h">
      <Filter>�w�b�_�[ �t�%40�C��</Filter>
    </ClInclude>
    <ClInclude Include="Source\Animation\AnimationStateMachine.h">
      <Filter>�w�b�_�[ �t�%40�C��</Filter>
    </ClInclude>
    <ClInclude Include="Source\Animation\AnimatorControllerAsset.h">
      <Filter>�w�b�_�[ �t�%40�C��</Filter>
    </ClInclude>
    <ClInclude Include="Source\Component\PostEffectComponent.h">
      <Filter>�w�b�_�[ �t�%40�C��</Filter>
    </ClInclude>
    <ClInclude Include="Source\PostEffect\PostEffectBase.h">
      <Filter>�w�b�_�[ �t�%40�C��</Filter>
    </ClInclude>
    <ClInclude Include="Source\PostEffect\PostEffectRenderTargets.h">
      <Filter>�w�b�_�[ �t�%40�C��</Filter>
    </ClInclude>
    <ClInclude Include="Source\PostEffect\BloomEffect.h">
      <Filter>�w�b�_�[ �t�%40�C��</Filter>
    </ClInclude>
    <ClInclude Include="Source\PostEffect\ColorGradingEffect.h">
      <Filter>�w�b�_�[ �t�%40�C��</Filter>
    </ClInclude>
    <ClInclude Include="Source\Component\SkyboxComponent.h">
      <Filter>�w�b�_�[ �t�%40�C��</Filter>
    </ClInclude>
    <ClInclude Include="Source\Editor\CubemapToolWindow.h">
      <Filter>�w�b�_�[ �t�%40�C��</Filter>
    </ClInclude>
    <ClInclude Include="Source\Graphics\IBLManager.h">
      <Filter>�w�b�_�[ �t�%40�C��</Filter>
    </ClInclude>
    <ClInclude Include="Source\Render\GBufferRenderTargets.h">
      <Filter>�w�b�_�[ �t�%40�C��</Filter>
    </ClInclude>
    <ClInclude Include="Source\Render\DeferredRenderer.h">
      <Filter>�w�b�_�[ �t�%40�C��</Filter>
    </ClInclude>
    <ClInclude Include="Source\PostEffect\PostEffectManager.h">
      <Filter>�w�b�_�[ �t�%40�C��</Filter>
    </ClInclude>
    <ClInclude Include="Source\Render\RenderPassBase.h">
      <Filter>�w�b�_�[ �t�%40�C��</Filter>
    </ClInclude>
    <ClInclude Include="Source\Render\RenderPipeline.h">
      <Filter>�w�b�_�[ �t�%40�C��</Filter>
    </ClInclude>
    <ClInclude Include="Source\PostEffect\DepthOfFieldEffect.h">
      <Filter>�w�b�_�[ �t�%40�C��</Filter>
    </ClInclude>
    <ClInclude Include="Source\PostEffect\MotionBlurEffect.h">
      <Filter>�w�b�_�[ �t�%40�C��</Filter>
    </ClInclude>
    <ClInclude Include="Source\Component\GpuEffectComponent.h">
      <Filter>�w�b�_�[ �t�%40�C��</Filter>
    </ClInclude>
    <ClInclude Include="Source\Render\ShadowMapRenderer.h">
      <Filter>�w�b�_�[ �t�%40�C��</Filter>
    </ClInclude>
    <ClInclude Include="Source\Scene\ParticleScene.h">
      <Filter>�w�b�_�[ �t�%40�C��</Filter>
    </ClInclude>
    <ClInclude Include="Source\Test\EngineTestRunner.h" />
  </ItemGroup>
  <ItemGroup>
    <None Include="HLSL\CommonConstants.hlsli" />
    <None Include="HLSL\Common.hlsli" />
    <None Include="HLSL\DebugPrimitive.hlsli" />
    <None Include="HLSL\FBX.hlsli" />
    <None Include="HLSL\HiZDownsampleCS.hlsl" />
    <None Include="HLSL\PostEffect.hlsli" />
    <None Include="Docs\PostEffect.md" />
    <None Include="HLSL\SkyBox.hlsli" />
    <None Include="HLSL\GpuEffect.hlsli" />
    <None Include="HLSL\Shadow.hlsli" />
  </ItemGroup>
  <ItemGroup>
    <FxCompile Include="HLSL\DebugPrimitiveVS.hlsl" />
    <FxCompile Include="HLSL\DebugPrimitivePS.hlsl" />
    <FxCompile Include="HLSL\FBXVS.hlsl" />
    <FxCompile Include="HLSL\FBXPS.hlsl" />
    <FxCompile Include="HLSL\PostEffectVS.hlsl" />
    <FxCompile Include="HLSL\BloomUpsamplePS.hlsl" />
    <FxCompile Include="HLSL\BloomPrefilterPS.hlsl" />
    <FxCompile Include="HLSL\BloomCompositePS.hlsl" />
    <FxCompile Include="HLSL\BloomDownsamplePS.hlsl" />
    <FxCompile Include="HLSL\ColorGradingPS.hlsl" />
    <FxCompile Include="HLSL\SkyBoxVS.hlsl" />
    <FxCompile Include="HLSL\SkyBoxPS.hlsl" />
    <FxCompile Include="HLSL\GBufferPS.hlsl" />
    <FxCompile Include="HLSL\DeferredLightingPS.hlsl" />
    <FxCompile Include="HLSL\DepthOfFieldPS.hlsl" />
    <FxCompile Include="HLSL\MotionBlurPS.hlsl" />
    <FxCompile Include="HLSL\GpuEffectCS.hlsl" />
    <FxCompile Include="HLSL\GpuEffectVS.hlsl" />
    <FxCompile Include="HLSL\GpuEffectPS.hlsl" />
    <FxCompile Include="HLSL\ShadowDepthVS.hlsl" />
    <FxCompile Include="HLSL\ShadowDepthPS.hlsl" />
  </ItemGroup>
</Project>