<?xml version="1.0" encoding="utf-8"?>
<Project ToolsVersion="4.0" xmlns="http://schemas.microsoft.com/developer/msbuild/2003">
  <ItemGroup>
    <Filter Include="ソース ファイル">
      <UniqueIdentifier>{4FC737F1-C7A5-4376-A066-2A32D752A2FF}</UniqueIdentifier>
      <Extensions>cpp;c;cc;cxx;c++;cppm;ixx;def;odl;idl;hpj;bat;asm;asmx</Extensions>
    </Filter>
    <Filter Include="ヘッダー ファイル">
      <UniqueIdentifier>{93995380-89BD-4b04-88EB-625FBE52EBFB}</UniqueIdentifier>
      <Extensions>h;hh;hpp;hxx;h++;hm;inl;inc;ipp;xsd</Extensions>
    </Filter>
    <Filter Include="リソース ファイル">
      <UniqueIdentifier>{67DA6AB6-F800-4c08-8B7A-83BB121AAD01}</UniqueIdentifier>
      <Extensions>rc;ico;cur;bmp;dlg;rc2;rct;bin;rgs;gif;jpg;jpeg;jpe;resx;tiff;tif;png;wav;mfcribbon-ms</Extensions>
    </Filter>
  </ItemGroup>
  <ItemGroup>
    <ClCompile Include="Source\Graphics\DX12.cpp">
      <Filter>ソース ファイル</Filter>
    </ClCompile>
    <ClCompile Include="Source\Main.cpp">
      <Filter>ソース ファイル</Filter>
    </ClCompile>
    <ClCompile Include="Source\System\Logger.cpp">
      <Filter>ソース ファイル</Filter>
    </ClCompile>
    <ClCompile Include="Source\System\Window.cpp">
      <Filter>ソース ファイル</Filter>
    </ClCompile>
    <ClCompile Include="External\imgui\imgui.cpp">
      <Filter>ソース ファイル</Filter>
    </ClCompile>
    <ClCompile Include="External\imgui\imgui_draw.cpp">
      <Filter>ソース ファイル</Filter>
    </ClCompile>
    <ClCompile Include="External\imgui\imgui_impl_dx12.cpp">
      <Filter>ソース ファイル</Filter>
    </ClCompile>
    <ClCompile Include="External\imgui\imgui_impl_win32.cpp">
      <Filter>ソース ファイル</Filter>
    </ClCompile>
    <ClCompile Include="External\imgui\imgui_tables.cpp">
      <Filter>ソース ファイル</Filter>
    </ClCompile>
    <ClCompile Include="External\imgui\imgui_widgets.cpp">
      <Filter>ソース ファイル</Filter>
    </ClCompile>
    <ClCompile Include="External\imgui\imgui_render.cpp">
      <Filter>ソース ファイル</Filter>
    </ClCompile>
    <ClCompile Include="External\imgui\imgui_widget_flamegraph.cpp">
      <Filter>ソース ファイル</Filter>
    </ClCompile>
    <ClCompile Include="Source\Math\SimpleMath.cpp">
      <Filter>ソース ファイル</Filter>
    </ClCompile>
    <ClCompile Include="Source\pch.cpp">
      <Filter>ソース ファイル</Filter>
    </ClCompile>
    <ClCompile Include="Source\Graphics\LoadTexture.cpp">
      <Filter>ソース ファイル</Filter>
    </ClCompile>
    <ClCompile Include="Source\Model\PmxLoad.cpp">
      <Filter>ソース ファイル</Filter>
    </ClCompile>
    <ClCompile Include="External\imgui\imgui_neo_internal.cpp">
      <Filter>ソース ファイル</Filter>
    </ClCompile>
    <ClCompile Include="External\imgui\imgui_neo_sequencer.cpp">
      <Filter>ソース ファイル</Filter>
    </ClCompile>
    <ClCompile Include="External\imgui\ImNodeFlow.cpp">
      <Filter>ソース ファイル</Filter>
    </ClCompile>
    <ClCompile Include="Source\Graphics\PiplineState.cpp">
      <Filter>ソース ファイル</Filter>
    </ClCompile>
    <ClCompile Include="Source\Graphics\TextureManager.cpp">
      <Filter>ソース ファイル</Filter>
    </ClCompile>
    <ClCompile Include="Source\Graphics\ShaderManager.cpp">
      <Filter>ソース ファイル</Filter>
    </ClCompile>
    <ClCompile Include="Source\System\TimeManager.cpp">
      <Filter>ソース ファイル</Filter>
    </ClCompile>
    <ClCompile Include="Source\System\CpuGpuProfiler.cpp">
      <Filter>ソース ファイル</Filter>
    </ClCompile>
    <ClCompile Include="Source\Graphics\RootSignatureManager.cpp">
      <Filter>ソース ファイル</Filter>
    </ClCompile>
    <ClCompile Include="Source\Graphics\DescriptorHeapManager.cpp">
      <Filter>ソース ファイル</Filter>
    </ClCompile>
    <ClCompile Include="Source\Scene\SceneManager.cpp">
      <Filter>ソース ファイル</Filter>
    </ClCompile>
    <ClCompile Include="Source\Camera\CameraManager.cpp">
      <Filter>ソース ファイル</Filter>
    </ClCompile>
    <ClCompile Include="Source\GameObject\GameObject.cpp">
      <Filter>ソース ファイル</Filter>
    </ClCompile>
    <ClCompile Include="Source\GameObject\GameObjectRegistry.cpp">
      <Filter>ソース ファイル</Filter>
    </ClCompile>
    <ClCompile Include="Source\Editor\EditorContext.cpp">
      <Filter>ソース ファイル</Filter>
    </ClCompile>
    <ClCompile Include="Source\Editor\HierarchyWindow.cpp">
      <Filter>ソース ファイル</Filter>
    </ClCompile>
    <ClCompile Include="Source\Editor\InspectorWindow.cpp">
      <Filter>ソース ファイル</Filter>
    </ClCompile>
    <ClCompile Include="Source\Editor\EditorManager.cpp">
      <Filter>ソース ファイル</Filter>
    </ClCompile>
    <ClCompile Include="Source\Input\InputManager.cpp">
      <Filter>ソース ファイル</Filter>
    </ClCompile>
    <ClCompile Include="Source\Audio\AudioEngine.cpp">
      <Filter>ソース ファイル</Filter>
    </ClCompile>
    <ClCompile Include="Source\Audio\SoundBuffer.cpp">
      <Filter>ソース ファイル</Filter>
    </ClCompile>
    <ClCompile Include="Source\Audio\AudioManager.cpp">
      <Filter>ソース ファイル</Filter>
    </ClCompile>
    <ClCompile Include="Source\Audio\SoundVoice.cpp">
      <Filter>ソース ファイル</Filter>
    </ClCompile>
    <ClCompile Include="External\imgui\ImCurveEdit.cpp">
      <Filter>ソース ファイル</Filter>
    </ClCompile>
    <ClCompile Include="Source\Graphics\UploadBuffer.cpp">
      <Filter>ソース ファイル</Filter>
    </ClCompile>
    <ClCompile Include="Source\Test\TestPolygon.cpp">
      <Filter>ソース ファイル</Filter>
    </ClCompile>
    <ClCompile Include="Source\Graphics\PSOCreator.cpp">
      <Filter>ソース ファイル</Filter>
    </ClCompile>
    <ClCompile Include="Source\Camera\FreeCameraBehaviour.cpp">
      <Filter>ソース ファイル</Filter>
    </ClCompile>
    <ClCompile Include="Source\Scene\TestScene.cpp">
      <Filter>ソース ファイル</Filter>
    </ClCompile>
    <ClCompile Include="Source\Render\PMXRender.cpp">
      <Filter>ソース ファイル</Filter>
    </ClCompile>
  </ItemGroup>
  <ItemGroup>
    <ClInclude Include="Source\Graphics\DX12.h">
      <Filter>ヘッダー ファイル</Filter>
    </ClInclude>
    <ClInclude Include="Source\System\Logger.h">
      <Filter>ヘッダー ファイル</Filter>
    </ClInclude>
    <ClInclude Include="Source\System\Stringformat.h">
      <Filter>ヘッダー ファイル</Filter>
    </ClInclude>
    <ClInclude Include="Source\System\Window.h">
      <Filter>ヘッダー ファイル</Filter>
    </ClInclude>
    <ClInclude Include="External\imgui\imconfig.h">
      <Filter>ヘッダー ファイル</Filter>
    </ClInclude>
    <ClInclude Include="External\imgui\imgui.h">
      <Filter>ヘッダー ファイル</Filter>
    </ClInclude>
    <ClInclude Include="External\imgui\imgui_impl_dx12.h">
      <Filter>ヘッダー ファイル</Filter>
    </ClInclude>
    <ClInclude Include="External\imgui\imgui_impl_win32.h">
      <Filter>ヘッダー ファイル</Filter>
    </ClInclude>
    <ClInclude Include="External\imgui\imgui_internal.h">
      <Filter>ヘッダー ファイル</Filter>
    </ClInclude>
    <ClInclude Include="External\imgui\imstb_rectpack.h">
      <Filter>ヘッダー ファイル</Filter>
    </ClInclude>
    <ClInclude Include="External\imgui\imstb_textedit.h">
      <Filter>ヘッダー ファイル</Filter>
    </ClInclude>
    <ClInclude Include="External\imgui\imstb_truetype.h">
      <Filter>ヘッダー ファイル</Filter>
    </ClInclude>
    <ClInclude Include="External\imgui\imgui_render.h">
      <Filter>ヘッダー ファイル</Filter>
    </ClInclude>
    <ClInclude Include="External\imgui\imgui_widget_flamegraph.h">
      <Filter>ヘッダー ファイル</Filter>
    </ClInclude>
    <ClInclude Include="Source\Math\SimpleMath.h">
      <Filter>ヘッダー ファイル</Filter>
    </ClInclude>
    <ClInclude Include="Source\pch.h">
      <Filter>ヘッダー ファイル</Filter>
    </ClInclude>
    <ClInclude Include="Source\Graphics\PiplineState.h">
      <Filter>ヘッダー ファイル</Filter>
    </ClInclude>
    <ClInclude Include="Source\Graphics\LoadTexture.h">
      <Filter>ヘッダー ファイル</Filter>
    </ClInclude>
    <ClInclude Include="Source\Model\PmxLoad.h">
      <Filter>ヘッダー ファイル</Filter>
    </ClInclude>
    <ClInclude Include="External\imgui\imgui_neo_sequencer.h">
      <Filter>ヘッダー ファイル</Filter>
    </ClInclude>
    <ClInclude Include="External\imgui\imgui_neo_internal.h">
      <Filter>ヘッダー ファイル</Filter>
    </ClInclude>
    <ClInclude Include="External\imgui\ImNodeFlow.h">
      <Filter>ヘッダー ファイル</Filter>
    </ClInclude>
    <ClInclude Include="External\imgui\imgui_bezier_math.h">
      <Filter>ヘッダー ファイル</Filter>
    </ClInclude>
    <ClInclude Include="External\imgui\imgui_extra_math.h">
      <Filter>ヘッダー ファイル</Filter>
    </ClInclude>
    <ClInclude Include="External\imgui\context_wrapper.h">
      <Filter>ヘッダー ファイル</Filter>
    </ClInclude>
    <ClInclude Include="Source\Graphics\TextureManager.h">
      <Filter>ヘッダー ファイル</Filter>
    </ClInclude>
    <ClInclude Include="Source\Graphics\ShaderManager.h">
      <Filter>ヘッダー ファイル</Filter>
    </ClInclude>
    <ClInclude Include="Source\System\TimeManager.h">
      <Filter>ヘッダー ファイル</Filter>
    </ClInclude>
    <ClInclude Include="Source\System\CpuGpuProfiler.h">
      <Filter>ヘッダー ファイル</Filter>
    </ClInclude>
    <ClInclude Include="Source\Graphics\RootSignatureManager.h">
      <Filter>ヘッダー ファイル</Filter>
    </ClInclude>
    <ClInclude Include="Source\Graphics\DescriptorHeapManager.h">
      <Filter>ヘッダー ファイル</Filter>
    </ClInclude>
    <ClInclude Include="Source\Graphics\ConstantBuffer.h">
      <Filter>ヘッダー ファイル</Filter>
    </ClInclude>
    <ClInclude Include="Source\Graphics\VertexBuffer.h">
      <Filter>ヘッダー ファイル</Filter>
    </ClInclude>
    <ClInclude Include="Source\Graphics\IndexBuffer.h">
      <Filter>ヘッダー ファイル</Filter>
    </ClInclude>
    <ClInclude Include="Source\Scene\Scene.h">
      <Filter>ヘッダー ファイル</Filter>
    </ClInclude>
    <ClInclude Include="Source\Scene\SceneManager.h">
      <Filter>ヘッダー ファイル</Filter>
    </ClInclude>
    <ClInclude Include="Source\Camera\Camera.h">
      <Filter>ヘッダー ファイル</Filter>
    </ClInclude>
    <ClInclude Include="Source\Camera\CameraManager.h">
      <Filter>ヘッダー ファイル</Filter>
    </ClInclude>
    <ClInclude Include="Source\Camera\CameraBehaviour.h">
      <Filter>ヘッダー ファイル</Filter>
    </ClInclude>
    <ClInclude Include="Source\System\LoggerMacros.h">
      <Filter>ヘッダー ファイル</Filter>
    </ClInclude>
    <ClInclude Include="Source\GameObject\GameObject.h">
      <Filter>ヘッダー ファイル</Filter>
    </ClInclude>
    <ClInclude Include="Source\Component\Component.h">
      <Filter>ヘッダー ファイル</Filter>
    </ClInclude>
    <ClInclude Include="Source\Component\Object.h">
      <Filter>ヘッダー ファイル</Filter>
    </ClInclude>
    <ClInclude Include="Source\Component\Behaviour.h">
      <Filter>ヘッダー ファイル</Filter>
    </ClInclude>
    <ClInclude Include="Source\Component\ScriptBehaviour.h">
      <Filter>ヘッダー ファイル</Filter>
    </ClInclude>
    <ClInclude Include="Source\GameObject\GameObjectRegistry.h">
      <Filter>ヘッダー ファイル</Filter>
    </ClInclude>
    <ClInclude Include="Source\Editor\EditorContext.h">
      <Filter>ヘッダー ファイル</Filter>
    </ClInclude>
    <ClInclude Include="Source\Editor\EditorManager.h">
      <Filter>ヘッダー ファイル</Filter>
    </ClInclude>
    <ClInclude Include="Source\Editor\HierarchyWindow.h">
      <Filter>ヘッダー ファイル</Filter>
    </ClInclude>
    <ClInclude Include="Source\Editor\InspectorWindow.h">
      <Filter>ヘッダー ファイル</Filter>
    </ClInclude>
    <ClInclude Include="Source\Input\InputManager.h">
      <Filter>ヘッダー ファイル</Filter>
    </ClInclude>
    <ClInclude Include="Source\Audio\miniaudio.h">
      <Filter>ヘッダー ファイル</Filter>
    </ClInclude>
    <ClInclude Include="Source\Audio\AudioEngine.h">
      <Filter>ヘッダー ファイル</Filter>
    </ClInclude>
    <ClInclude Include="Source\Audio\SoundBuffer.h">
      <Filter>ヘッダー ファイル</Filter>
    </ClInclude>
    <ClInclude Include="Source\Audio\AudioManager.h">
      <Filter>ヘッダー ファイル</Filter>
    </ClInclude>
    <ClInclude Include="Source\Audio\SoundVoice.h">
      <Filter>ヘッダー ファイル</Filter>
    </ClInclude>
    <ClInclude Include="External\imgui\ImCurveEdit.h">
      <Filter>ヘッダー ファイル</Filter>
    </ClInclude>
    <ClInclude Include="Source\Graphics\UploadBuffer.h">
      <Filter>ヘッダー ファイル</Filter>
    </ClInclude>
    <ClInclude Include="Source\Test\TestPolygon.h">
      <Filter>ヘッダー ファイル</Filter>
    </ClInclude>
    <ClInclude Include="Source\Graphics\PSOCreator.h">
      <Filter>ヘッダー ファイル</Filter>
    </ClInclude>
    <ClInclude Include="Source\Graphics\ShaderData.h">
      <Filter>ヘッダー ファイル</Filter>
    </ClInclude>
    <ClInclude Include="Source\Camera\FreeCameraBehaviour.h">
      <Filter>ヘッダー ファイル</Filter>
    </ClInclude>
    <ClInclude Include="External\magic_enum\magic_enum.hpp">
      <Filter>ヘッダー ファイル</Filter>
    </ClInclude>
    <ClInclude Include="External\magic_enum\magic_enum_all.hpp">
      <Filter>ヘッダー ファイル</Filter>
    </ClInclude>
    <ClInclude Include="External\magic_enum\magic_enum_containers.hpp">
      <Filter>ヘッダー ファイル</Filter>
    </ClInclude>
    <ClInclude Include="External\magic_enum\magic_enum_flags.hpp">
      <Filter>ヘッダー ファイル</Filter>
    </ClInclude>
    <ClInclude Include="External\magic_enum\magic_enum_format.hpp">
      <Filter>ヘッダー ファイル</Filter>
    </ClInclude>
    <ClInclude Include="External\magic_enum\magic_enum_fuse.hpp">
      <Filter>ヘッダー ファイル</Filter>
    </ClInclude>
    <ClInclude Include="External\magic_enum\magic_enum_iostream.hpp">
      <Filter>ヘッダー ファイル</Filter>
    </ClInclude>
    <ClInclude Include="External\magic_enum\magic_enum_switch.hpp">
      <Filter>ヘッダー ファイル</Filter>
    </ClInclude>
    <ClInclude Include="External\magic_enum\magic_enum_utility.hpp">
      <Filter>ヘッダー ファイル</Filter>
    </ClInclude>
    <ClInclude Include="Source\Scene\TestScene.h">
      <Filter>ヘッダー ファイル</Filter>
    </ClInclude>
    <ClInclude Include="Source\Render\PMXRender.h">
      <Filter>ヘッダー ファイル</Filter>
    </ClInclude>
  </ItemGroup>
  <ItemGroup>
    <None Include="HLSL\Polygon.hlsli" />
    <None Include="HLSL\PMX.hlsli" />
    <None Include="HLSL\CommonConstants.hlsli" />
    <None Include="HLSL\Common.hlsli" />
  </ItemGroup>
  <ItemGroup>
    <FxCompile Include="HLSL\PolygonVS.hlsl" />
    <FxCompile Include="HLSL\PolygonPS.hlsl" />
    <FxCompile Include="HLSL\PMXVS.hlsl" />
    <FxCompile Include="HLSL\PMXPS.hlsl" />
  </ItemGroup>
</Project>